
Microsoft Visual Studio Solution File, Format Version 12.00
# Visual Studio 15
VisualStudioVersion = 15.0.26124.0
MinimumVisualStudioVersion = 15.0.26124.0
Project("{2150E333-8FDC-42A3-9474-1A3956D46DE8}") = "src", "src", "{905DA8EB-1AE1-4987-8C3B-9715AE24C1F7}"
EndProject
Project("{FAE04EC0-301F-11D3-BF4B-00C04F79EFBC}") = "SimpleAPI", "src\SimpleAPI\SimpleAPI.csproj", "{9DBD039F-A4F7-4E7C-B0A1-0A9432DC9FF2}"
EndProject
Project("{2150E333-8FDC-42A3-9474-1A3956D46DE8}") = "test", "test", "{8908CA22-5896-4880-92F7-A50D5B947D7B}"
EndProject
Project("{FAE04EC0-301F-11D3-BF4B-00C04F79EFBC}") = "SimpleApi.Test", "test\SimpleApi.Test\SimpleApi.Test.csproj", "{A6DBF443-6CF1-4353-913A-730F363E824A}"
EndProject
Global
	GlobalSection(SolutionConfigurationPlatforms) = preSolution
		Debug|Any CPU = Debug|Any CPU
		Debug|x64 = Debug|x64
		Debug|x86 = Debug|x86
		Release|Any CPU = Release|Any CPU
		Release|x64 = Release|x64
		Release|x86 = Release|x86
	EndGlobalSection
	GlobalSection(SolutionProperties) = preSolution
		HideSolutionNode = FALSE
	EndGlobalSection
	GlobalSection(ProjectConfigurationPlatforms) = postSolution
		{9DBD039F-A4F7-4E7C-B0A1-0A9432DC9FF2}.Debug|Any CPU.ActiveCfg = Debug|Any CPU
		{9DBD039F-A4F7-4E7C-B0A1-0A9432DC9FF2}.Debug|Any CPU.Build.0 = Debug|Any CPU
		{9DBD039F-A4F7-4E7C-B0A1-0A9432DC9FF2}.Debug|x64.ActiveCfg = Debug|Any CPU
		{9DBD039F-A4F7-4E7C-B0A1-0A9432DC9FF2}.Debug|x64.Build.0 = Debug|Any CPU
		{9DBD039F-A4F7-4E7C-B0A1-0A9432DC9FF2}.Debug|x86.ActiveCfg = Debug|Any CPU
		{9DBD039F-A4F7-4E7C-B0A1-0A9432DC9FF2}.Debug|x86.Build.0 = Debug|Any CPU
		{9DBD039F-A4F7-4E7C-B0A1-0A9432DC9FF2}.Release|Any CPU.ActiveCfg = Release|Any CPU
		{9DBD039F-A4F7-4E7C-B0A1-0A9432DC9FF2}.Release|Any CPU.Build.0 = Release|Any CPU
		{9DBD039F-A4F7-4E7C-B0A1-0A9432DC9FF2}.Release|x64.ActiveCfg = Release|Any CPU
		{9DBD039F-A4F7-4E7C-B0A1-0A9432DC9FF2}.Release|x64.Build.0 = Release|Any CPU
		{9DBD039F-A4F7-4E7C-B0A1-0A9432DC9FF2}.Release|x86.ActiveCfg = Release|Any CPU
		{9DBD039F-A4F7-4E7C-B0A1-0A9432DC9FF2}.Release|x86.Build.0 = Release|Any CPU
		{A6DBF443-6CF1-4353-913A-730F363E824A}.Debug|Any CPU.ActiveCfg = Debug|Any CPU
		{A6DBF443-6CF1-4353-913A-730F363E824A}.Debug|Any CPU.Build.0 = Debug|Any CPU
		{A6DBF443-6CF1-4353-913A-730F363E824A}.Debug|x64.ActiveCfg = Debug|Any CPU
		{A6DBF443-6CF1-4353-913A-730F363E824A}.Debug|x64.Build.0 = Debug|Any CPU
		{A6DBF443-6CF1-4353-913A-730F363E824A}.Debug|x86.ActiveCfg = Debug|Any CPU
		{A6DBF443-6CF1-4353-913A-730F363E824A}.Debug|x86.Build.0 = Debug|Any CPU
		{A6DBF443-6CF1-4353-913A-730F363E824A}.Release|Any CPU.ActiveCfg = Release|Any CPU
		{A6DBF443-6CF1-4353-913A-730F363E824A}.Release|Any CPU.Build.0 = Release|Any CPU
		{A6DBF443-6CF1-4353-913A-730F363E824A}.Release|x64.ActiveCfg = Release|Any CPU
		{A6DBF443-6CF1-4353-913A-730F363E824A}.Release|x64.Build.0 = Release|Any CPU
		{A6DBF443-6CF1-4353-913A-730F363E824A}.Release|x86.ActiveCfg = Release|Any CPU
		{A6DBF443-6CF1-4353-913A-730F363E824A}.Release|x86.Build.0 = Release|Any CPU
	EndGlobalSection
	GlobalSection(NestedProjects) = preSolution
		{9DBD039F-A4F7-4E7C-B0A1-0A9432DC9FF2} = {905DA8EB-1AE1-4987-8C3B-9715AE24C1F7}
		{A6DBF443-6CF1-4353-913A-730F363E824A} = {8908CA22-5896-4880-92F7-A50D5B947D7B}
	EndGlobalSection
EndGlobal
